
Microsoft Visual Studio Solution File, Format Version 12.00
# Visual Studio Version 17
VisualStudioVersion = 17.8.34511.84
MinimumVisualStudioVersion = 10.0.40219.1
Project("{FAE04EC0-301F-11D3-BF4B-00C04F79EFBC}") = "StockTracker.Client", "StockTracker.Client.csproj", "{3F2D39CA-88BE-4E39-86CF-B9497B078705}"
EndProject
Global
	GlobalSection(SolutionConfigurationPlatforms) = preSolution
		Debug|Any CPU = Debug|Any CPU
		Release|Any CPU = Release|Any CPU
	EndGlobalSection
	GlobalSection(ProjectConfigurationPlatforms) = postSolution
		{3F2D39CA-88BE-4E39-86CF-B9497B078705}.Debug|Any CPU.ActiveCfg = Debug|Any CPU
		{3F2D39CA-88BE-4E39-86CF-B9497B078705}.Debug|Any CPU.Build.0 = Debug|Any CPU
		{3F2D39CA-88BE-4E39-86CF-B9497B078705}.Release|Any CPU.ActiveCfg = Release|Any CPU
		{3F2D39CA-88BE-4E39-86CF-B9497B078705}.Release|Any CPU.Build.0 = Release|Any CPU
	EndGlobalSection
	GlobalSection(SolutionProperties) = preSolution
		HideSolutionNode = FALSE
	EndGlobalSection
	GlobalSection(ExtensibilityGlobals) = postSolution
		SolutionGuid = {E99B1F60-C344-4B7D-B791-E5703F7CACBB}
	EndGlobalSection
EndGlobal
